
Microsoft Visual Studio Solution File, Format Version 12.00
# Visual Studio Version 17
VisualStudioVersion = 17.14.36301.6
MinimumVisualStudioVersion = 10.0.40219.1
Project("{FAE04EC0-301F-11D3-BF4B-00C04F79EFBC}") = "BusinessPersistance", "BusinessPersistance\BusinessPersistance.csproj", "{0BE521B5-F668-4BE4-A4FB-6E889B7C9A3F}"
EndProject
Project("{2150E333-8FDC-42A3-9474-1A3956D46DE8}") = "BusinessManagement", "BusinessManagement", "{02EA681E-C7D8-13C7-8484-4AC65E1B71E8}"
EndProject
Project("{2150E333-8FDC-42A3-9474-1A3956D46DE8}") = "Domain", "Domain", "{6BCFDE68-FD71-4408-A2B8-80681957D158}"
EndProject
Project("{FAE04EC0-301F-11D3-BF4B-00C04F79EFBC}") = "Domain", "Domain\Domain.csproj", "{7AD980F5-0EEA-46AE-9A7D-FB4ECDB41B58}"
EndProject
Project("{2150E333-8FDC-42A3-9474-1A3956D46DE8}") = "Infrastructure", "Infrastructure", "{A64F028F-11EC-4811-8A86-DD6E19EE95CE}"
EndProject
Project("{FAE04EC0-301F-11D3-BF4B-00C04F79EFBC}") = "Persistence", "Persistence\Persistence.csproj", "{6AC31C2E-0637-41C6-AA23-3FE3A5FBBF40}"
EndProject
Project("{2150E333-8FDC-42A3-9474-1A3956D46DE8}") = "Application", "Application", "{B468D20C-33C6-466A-A31E-8AEEF82AB57C}"
EndProject
Project("{FAE04EC0-301F-11D3-BF4B-00C04F79EFBC}") = "Application", "Application\Application.csproj", "{E2E2C14B-C205-48F8-A532-78BAB68BDF90}"
EndProject
Global
	GlobalSection(SolutionConfigurationPlatforms) = preSolution
		Debug|Any CPU = Debug|Any CPU
		Release|Any CPU = Release|Any CPU
	EndGlobalSection
	GlobalSection(ProjectConfigurationPlatforms) = postSolution
		{0BE521B5-F668-4BE4-A4FB-6E889B7C9A3F}.Debug|Any CPU.ActiveCfg = Debug|Any CPU
		{0BE521B5-F668-4BE4-A4FB-6E889B7C9A3F}.Debug|Any CPU.Build.0 = Debug|Any CPU
		{0BE521B5-F668-4BE4-A4FB-6E889B7C9A3F}.Release|Any CPU.ActiveCfg = Release|Any CPU
		{0BE521B5-F668-4BE4-A4FB-6E889B7C9A3F}.Release|Any CPU.Build.0 = Release|Any CPU
		{7AD980F5-0EEA-46AE-9A7D-FB4ECDB41B58}.Debug|Any CPU.ActiveCfg = Debug|Any CPU
		{7AD980F5-0EEA-46AE-9A7D-FB4ECDB41B58}.Debug|Any CPU.Build.0 = Debug|Any CPU
		{7AD980F5-0EEA-46AE-9A7D-FB4ECDB41B58}.Release|Any CPU.ActiveCfg = Release|Any CPU
		{7AD980F5-0EEA-46AE-9A7D-FB4ECDB41B58}.Release|Any CPU.Build.0 = Release|Any CPU
		{6AC31C2E-0637-41C6-AA23-3FE3A5FBBF40}.Debug|Any CPU.ActiveCfg = Debug|Any CPU
		{6AC31C2E-0637-41C6-AA23-3FE3A5FBBF40}.Debug|Any CPU.Build.0 = Debug|Any CPU
		{6AC31C2E-0637-41C6-AA23-3FE3A5FBBF40}.Release|Any CPU.ActiveCfg = Release|Any CPU
		{6AC31C2E-0637-41C6-AA23-3FE3A5FBBF40}.Release|Any CPU.Build.0 = Release|Any CPU
		{E2E2C14B-C205-48F8-A532-78BAB68BDF90}.Debug|Any CPU.ActiveCfg = Debug|Any CPU
		{E2E2C14B-C205-48F8-A532-78BAB68BDF90}.Debug|Any CPU.Build.0 = Debug|Any CPU
		{E2E2C14B-C205-48F8-A532-78BAB68BDF90}.Release|Any CPU.ActiveCfg = Release|Any CPU
		{E2E2C14B-C205-48F8-A532-78BAB68BDF90}.Release|Any CPU.Build.0 = Release|Any CPU
	EndGlobalSection
	GlobalSection(SolutionProperties) = preSolution
		HideSolutionNode = FALSE
	EndGlobalSection
	GlobalSection(NestedProjects) = preSolution
		{0BE521B5-F668-4BE4-A4FB-6E889B7C9A3F} = {02EA681E-C7D8-13C7-8484-4AC65E1B71E8}
		{7AD980F5-0EEA-46AE-9A7D-FB4ECDB41B58} = {6BCFDE68-FD71-4408-A2B8-80681957D158}
		{6AC31C2E-0637-41C6-AA23-3FE3A5FBBF40} = {A64F028F-11EC-4811-8A86-DD6E19EE95CE}
		{E2E2C14B-C205-48F8-A532-78BAB68BDF90} = {B468D20C-33C6-466A-A31E-8AEEF82AB57C}
	EndGlobalSection
	GlobalSection(ExtensibilityGlobals) = postSolution
		SolutionGuid = {424A8179-651E-413F-AC8C-3B633741AFB5}
	EndGlobalSection
EndGlobal
